{
  "version": 4,
  "terraform_version": "0.12.31",
  "serial": 51,
  "lineage": "26a4cf97-b3c1-f8fa-8dc0-e43ddfe99b2e",
  "outputs": {
    "external_ip_address_app": {
      "value": "51.250.8.14",
      "type": "string"
    },
    "external_ip_address_db": {
      "value": "51.250.77.20",
      "type": "string"
    }
  },
  "resources": [
    {
      "module": "module.app",
      "mode": "managed",
      "type": "yandex_compute_instance",
      "name": "app",
      "provider": "provider.yandex",
      "instances": [
        {
          "schema_version": 1,
          "attributes": {
            "allow_stopping_for_update": null,
            "boot_disk": [
              {
                "auto_delete": true,
                "device_name": "fhme0joou1lfu7lpjgir",
                "disk_id": "fhme0joou1lfu7lpjgir",
                "initialize_params": [
                  {
                    "block_size": 4096,
                    "description": "",
                    "image_id": "fd8db1bfveklrdoajusk",
                    "name": "",
                    "size": 10,
                    "snapshot_id": "",
                    "type": "network-hdd"
                  }
                ],
                "mode": "READ_WRITE"
              }
            ],
            "created_at": "2022-04-17T12:35:09Z",
            "description": "",
            "folder_id": "b1g0u59gq2m2lcc3em5c",
            "fqdn": "fhm5qe497slfjulvb141.auto.internal",
            "hostname": "fhm5qe497slfjulvb141",
            "id": "fhm5qe497slfjulvb141",
            "labels": {
              "tags": "reddit-app"
            },
            "metadata": {
              "ssh-keys": "ubuntu:ssh-rsa AAAAB3NzaC1yc2EAAAADAQABAAABgQDYETNPkAMyEgwd27a9T3UibHCs+wvFoK1DtkUnMtgv8CSqmnof3MHHVANFrJyT26G4WZQYh9a88Yc5lBrMTkaijGBqFGSAI7767ek7DxxkeHs0Jd81YnzZ1duIFExoOOVpAAHReqL73ZA2pkZtnLBQk1P4VBPl7ijfMTHh98Tj7RKKRgFEVEHwZK/omuKWpTQd7jFXD+8MW/8iWOqEMQx8kJQ+kEEybeL8hI3JYlEIOZeL2uW5vOJ4sr9Ps+z8K1HMTA78J+vpeGHYlohAlS4iac2JJqrtUOG9RtGpiHgUE83JmYtygJrXn+17bjJIRP+WvCIiDZaZMRUoTKSq7oDZZFZugUQMiA0MMJsjIzR/N/n2hdEIgJi9xVRN7txZmiaRPtU8t/WzYlv/1wpSW25LF/RJMUhxeDc1Ewclea8NOkcU7JVBMMAOd7cAquQJePBm/dqDAG5M/5QQG8jOvRHO1HEWDvbs94is4O+uefVyZzt42PIp+VZvNaFMa+49e9U= appuser\n"
            },
            "name": "reddit-app-3",
            "network_acceleration_type": "standard",
            "network_interface": [
              {
                "dns_record": [],
                "index": 0,
                "ip_address": "10.128.0.9",
                "ipv4": true,
                "ipv6": false,
                "ipv6_address": "",
                "ipv6_dns_record": [],
                "mac_address": "d0:0d:5d:38:89:3f",
                "nat": true,
                "nat_dns_record": [],
                "nat_ip_address": "51.250.8.14",
                "nat_ip_version": "IPV4",
                "security_group_ids": [],
                "subnet_id": "e9bpq95tsdhfkf01k49n"
              }
            ],
            "placement_policy": [
              {
                "host_affinity_rules": [],
                "placement_group_id": ""
              }
            ],
            "platform_id": "standard-v1",
            "resources": [
              {
                "core_fraction": 100,
                "cores": 2,
                "gpus": 0,
                "memory": 2
              }
            ],
            "scheduling_policy": [
              {
                "preemptible": false
              }
            ],
            "secondary_disk": [],
            "service_account_id": "",
            "status": "running",
            "timeouts": null,
            "zone": "ru-central1-a"
          },
          "private": "eyJlMmJmYjczMC1lY2FhLTExZTYtOGY4OC0zNDM2M2JjN2M0YzAiOnsiY3JlYXRlIjozMDAwMDAwMDAwMDAsImRlbGV0ZSI6MzAwMDAwMDAwMDAwLCJ1cGRhdGUiOjMwMDAwMDAwMDAwMH0sInNjaGVtYV92ZXJzaW9uIjoiMSJ9"
        }
      ]
    },
    {
      "module": "module.db",
      "mode": "managed",
      "type": "yandex_compute_instance",
      "name": "db",
      "provider": "provider.yandex",
      "instances": [
        {
          "schema_version": 1,
          "attributes": {
            "allow_stopping_for_update": null,
            "boot_disk": [
              {
                "auto_delete": true,
                "device_name": "fhmp0p8gp1s1imdaojnc",
                "disk_id": "fhmp0p8gp1s1imdaojnc",
                "initialize_params": [
                  {
                    "block_size": 4096,
                    "description": "",
                    "image_id": "fd8unhqoqpuogagmi9pn",
                    "name": "",
                    "size": 10,
                    "snapshot_id": "",
                    "type": "network-hdd"
                  }
                ],
                "mode": "READ_WRITE"
              }
            ],
            "created_at": "2022-04-17T12:35:09Z",
            "description": "",
            "folder_id": "b1g0u59gq2m2lcc3em5c",
            "fqdn": "fhmqd8s6gfg7tfa3rdjg.auto.internal",
            "hostname": "fhmqd8s6gfg7tfa3rdjg",
            "id": "fhmqd8s6gfg7tfa3rdjg",
            "labels": {
              "tags": "reddit-db"
            },
            "metadata": {
              "ssh-keys": "ubuntu:ssh-rsa AAAAB3NzaC1yc2EAAAADAQABAAABgQDYETNPkAMyEgwd27a9T3UibHCs+wvFoK1DtkUnMtgv8CSqmnof3MHHVANFrJyT26G4WZQYh9a88Yc5lBrMTkaijGBqFGSAI7767ek7DxxkeHs0Jd81YnzZ1duIFExoOOVpAAHReqL73ZA2pkZtnLBQk1P4VBPl7ijfMTHh98Tj7RKKRgFEVEHwZK/omuKWpTQd7jFXD+8MW/8iWOqEMQx8kJQ+kEEybeL8hI3JYlEIOZeL2uW5vOJ4sr9Ps+z8K1HMTA78J+vpeGHYlohAlS4iac2JJqrtUOG9RtGpiHgUE83JmYtygJrXn+17bjJIRP+WvCIiDZaZMRUoTKSq7oDZZFZugUQMiA0MMJsjIzR/N/n2hdEIgJi9xVRN7txZmiaRPtU8t/WzYlv/1wpSW25LF/RJMUhxeDc1Ewclea8NOkcU7JVBMMAOd7cAquQJePBm/dqDAG5M/5QQG8jOvRHO1HEWDvbs94is4O+uefVyZzt42PIp+VZvNaFMa+49e9U= appuser\n"
            },
            "name": "reddit-db-3",
            "network_acceleration_type": "standard",
            "network_interface": [
              {
                "dns_record": [],
                "index": 0,
                "ip_address": "10.128.0.19",
                "ipv4": true,
                "ipv6": false,
                "ipv6_address": "",
                "ipv6_dns_record": [],
                "mac_address": "d0:0d:1a:6a:38:68",
                "nat": true,
                "nat_dns_record": [],
                "nat_ip_address": "51.250.77.20",
                "nat_ip_version": "IPV4",
                "security_group_ids": [],
                "subnet_id": "e9bpq95tsdhfkf01k49n"
              }
            ],
            "placement_policy": [
              {
                "host_affinity_rules": [],
                "placement_group_id": ""
              }
            ],
            "platform_id": "standard-v1",
            "resources": [
              {
                "core_fraction": 100,
                "cores": 2,
                "gpus": 0,
                "memory": 2
              }
            ],
            "scheduling_policy": [
              {
                "preemptible": false
              }
            ],
            "secondary_disk": [],
            "service_account_id": "",
            "status": "running",
            "timeouts": null,
            "zone": "ru-central1-a"
          },
          "private": "eyJlMmJmYjczMC1lY2FhLTExZTYtOGY4OC0zNDM2M2JjN2M0YzAiOnsiY3JlYXRlIjozMDAwMDAwMDAwMDAsImRlbGV0ZSI6MzAwMDAwMDAwMDAwLCJ1cGRhdGUiOjMwMDAwMDAwMDAwMH0sInNjaGVtYV92ZXJzaW9uIjoiMSJ9"
        }
      ]
    }
  ]
}
